
Microsoft Visual Studio Solution File, Format Version 12.00
# Visual Studio Version 17
VisualStudioVersion = 17.4.33205.214
MinimumVisualStudioVersion = 10.0.40219.1
Project("{FAE04EC0-301F-11D3-BF4B-00C04F79EFBC}") = "Positivos", "Positivos.csproj", "{90772315-CC06-4E61-AD4C-B316A3BA2055}"
EndProject
Global
	GlobalSection(SolutionConfigurationPlatforms) = preSolution
		Debug|Any CPU = Debug|Any CPU
		Release|Any CPU = Release|Any CPU
	EndGlobalSection
	GlobalSection(ProjectConfigurationPlatforms) = postSolution
		{90772315-CC06-4E61-AD4C-B316A3BA2055}.Debug|Any CPU.ActiveCfg = Debug|Any CPU
		{90772315-CC06-4E61-AD4C-B316A3BA2055}.Debug|Any CPU.Build.0 = Debug|Any CPU
		{90772315-CC06-4E61-AD4C-B316A3BA2055}.Release|Any CPU.ActiveCfg = Release|Any CPU
		{90772315-CC06-4E61-AD4C-B316A3BA2055}.Release|Any CPU.Build.0 = Release|Any CPU
	EndGlobalSection
	GlobalSection(SolutionProperties) = preSolution
		HideSolutionNode = FALSE
	EndGlobalSection
	GlobalSection(ExtensibilityGlobals) = postSolution
		SolutionGuid = {F975F9EB-9295-4DE5-8505-2E10337C394F}
	EndGlobalSection
EndGlobal
